
Microsoft Visual Studio Solution File, Format Version 12.00
# Visual Studio Version 17
VisualStudioVersion = 17.4.33213.308
MinimumVisualStudioVersion = 10.0.40219.1
Project("{9A19103F-16F7-4668-BE54-9A1E7A4F7556}") = "Zasham.Server", "Server\Zasham.Server.csproj", "{18A26A1C-B20D-4AFB-A4CB-9B2BD10F1275}"
EndProject
Project("{9A19103F-16F7-4668-BE54-9A1E7A4F7556}") = "Zasham.Client", "Client\Zasham.Client.csproj", "{9A356354-F2B8-4E61-A98F-C485C19E87D8}"
EndProject
Project("{9A19103F-16F7-4668-BE54-9A1E7A4F7556}") = "Zasham.Shared", "Shared\Zasham.Shared.csproj", "{3B5BE514-06CA-4AE6-8594-3712A51EDBD5}"
EndProject
Global
	GlobalSection(SolutionConfigurationPlatforms) = preSolution
		Debug|Any CPU = Debug|Any CPU
		Release|Any CPU = Release|Any CPU
	EndGlobalSection
	GlobalSection(ProjectConfigurationPlatforms) = postSolution
		{18A26A1C-B20D-4AFB-A4CB-9B2BD10F1275}.Debug|Any CPU.ActiveCfg = Debug|Any CPU
		{18A26A1C-B20D-4AFB-A4CB-9B2BD10F1275}.Debug|Any CPU.Build.0 = Debug|Any CPU
		{18A26A1C-B20D-4AFB-A4CB-9B2BD10F1275}.Release|Any CPU.ActiveCfg = Release|Any CPU
		{18A26A1C-B20D-4AFB-A4CB-9B2BD10F1275}.Release|Any CPU.Build.0 = Release|Any CPU
		{9A356354-F2B8-4E61-A98F-C485C19E87D8}.Debug|Any CPU.ActiveCfg = Debug|Any CPU
		{9A356354-F2B8-4E61-A98F-C485C19E87D8}.Debug|Any CPU.Build.0 = Debug|Any CPU
		{9A356354-F2B8-4E61-A98F-C485C19E87D8}.Release|Any CPU.ActiveCfg = Release|Any CPU
		{9A356354-F2B8-4E61-A98F-C485C19E87D8}.Release|Any CPU.Build.0 = Release|Any CPU
		{3B5BE514-06CA-4AE6-8594-3712A51EDBD5}.Debug|Any CPU.ActiveCfg = Debug|Any CPU
		{3B5BE514-06CA-4AE6-8594-3712A51EDBD5}.Debug|Any CPU.Build.0 = Debug|Any CPU
		{3B5BE514-06CA-4AE6-8594-3712A51EDBD5}.Release|Any CPU.ActiveCfg = Release|Any CPU
		{3B5BE514-06CA-4AE6-8594-3712A51EDBD5}.Release|Any CPU.Build.0 = Release|Any CPU
	EndGlobalSection
	GlobalSection(SolutionProperties) = preSolution
		HideSolutionNode = FALSE
	EndGlobalSection
	GlobalSection(ExtensibilityGlobals) = postSolution
		SolutionGuid = {2E6BDB76-AE61-4335-8F71-873D80016AD0}
	EndGlobalSection
EndGlobal
